
Microsoft Visual Studio Solution File, Format Version 12.00
# Visual Studio 15
VisualStudioVersion = 15.0.27703.2026
MinimumVisualStudioVersion = 10.0.40219.1
Project("{2150E333-8FDC-42A3-9474-1A3956D46DE8}") = "src", "src", "{56F93E91-8860-4403-80BB-A114D75EB53B}"
EndProject
Project("{2150E333-8FDC-42A3-9474-1A3956D46DE8}") = "test", "test", "{8FDF3371-4C91-4534-AB65-A5BDD740F5A0}"
EndProject
Project("{9A19103F-16F7-4668-BE54-9A1E7A4F7556}") = "MarketPlaceApi", "src\MarketPlaceApi\MarketPlaceApi.csproj", "{7096C7F9-6870-410B-B328-112EFBC16243}"
EndProject
Project("{FAE04EC0-301F-11D3-BF4B-00C04F79EFBC}") = "MarketPlaceApi.Test", "test\MarketPlaceApi.Test\MarketPlaceApi.Test.csproj", "{FCADC702-7BC0-4E8E-B98C-842590AC4597}"
EndProject
Global
	GlobalSection(SolutionConfigurationPlatforms) = preSolution
		Debug|Any CPU = Debug|Any CPU
		Release|Any CPU = Release|Any CPU
	EndGlobalSection
	GlobalSection(ProjectConfigurationPlatforms) = postSolution
		{7096C7F9-6870-410B-B328-112EFBC16243}.Debug|Any CPU.ActiveCfg = Debug|Any CPU
		{7096C7F9-6870-410B-B328-112EFBC16243}.Debug|Any CPU.Build.0 = Debug|Any CPU
		{7096C7F9-6870-410B-B328-112EFBC16243}.Release|Any CPU.ActiveCfg = Release|Any CPU
		{7096C7F9-6870-410B-B328-112EFBC16243}.Release|Any CPU.Build.0 = Release|Any CPU
		{FCADC702-7BC0-4E8E-B98C-842590AC4597}.Debug|Any CPU.ActiveCfg = Debug|Any CPU
		{FCADC702-7BC0-4E8E-B98C-842590AC4597}.Debug|Any CPU.Build.0 = Debug|Any CPU
		{FCADC702-7BC0-4E8E-B98C-842590AC4597}.Release|Any CPU.ActiveCfg = Release|Any CPU
		{FCADC702-7BC0-4E8E-B98C-842590AC4597}.Release|Any CPU.Build.0 = Release|Any CPU
	EndGlobalSection
	GlobalSection(SolutionProperties) = preSolution
		HideSolutionNode = FALSE
	EndGlobalSection
	GlobalSection(NestedProjects) = preSolution
		{7096C7F9-6870-410B-B328-112EFBC16243} = {56F93E91-8860-4403-80BB-A114D75EB53B}
		{FCADC702-7BC0-4E8E-B98C-842590AC4597} = {8FDF3371-4C91-4534-AB65-A5BDD740F5A0}
	EndGlobalSection
	GlobalSection(ExtensibilityGlobals) = postSolution
		SolutionGuid = {96893418-CAD5-433C-910B-B81EB44C6DFF}
	EndGlobalSection
EndGlobal
